
Microsoft Visual Studio Solution File, Format Version 12.00
# Visual Studio 15
VisualStudioVersion = 15.0.28307.168
MinimumVisualStudioVersion = 10.0.40219.1
Project("{FAE04EC0-301F-11D3-BF4B-00C04F79EFBC}") = "Day16", "Day16.csproj", "{6B4B476D-2CCC-4CBD-B7FF-E5A936E349AF}"
EndProject
Global
	GlobalSection(SolutionConfigurationPlatforms) = preSolution
		Debug|Any CPU = Debug|Any CPU
		Release|Any CPU = Release|Any CPU
	EndGlobalSection
	GlobalSection(ProjectConfigurationPlatforms) = postSolution
		{6B4B476D-2CCC-4CBD-B7FF-E5A936E349AF}.Debug|Any CPU.ActiveCfg = Debug|Any CPU
		{6B4B476D-2CCC-4CBD-B7FF-E5A936E349AF}.Debug|Any CPU.Build.0 = Debug|Any CPU
		{6B4B476D-2CCC-4CBD-B7FF-E5A936E349AF}.Release|Any CPU.ActiveCfg = Release|Any CPU
		{6B4B476D-2CCC-4CBD-B7FF-E5A936E349AF}.Release|Any CPU.Build.0 = Release|Any CPU
	EndGlobalSection
	GlobalSection(SolutionProperties) = preSolution
		HideSolutionNode = FALSE
	EndGlobalSection
	GlobalSection(ExtensibilityGlobals) = postSolution
		SolutionGuid = {3D13D855-D702-4274-BA49-1F3202B6FF80}
	EndGlobalSection
EndGlobal
